
Microsoft Visual Studio Solution File, Format Version 12.00
# Visual Studio Version 17
VisualStudioVersion = 17.8.34330.188
MinimumVisualStudioVersion = 10.0.40219.1
Project("{FAE04EC0-301F-11D3-BF4B-00C04F79EFBC}") = "Get_power", "Get_power\Get_power.csproj", "{5C5CB159-65D5-4827-A861-CC2A10F06BF1}"
EndProject
Global
	GlobalSection(SolutionConfigurationPlatforms) = preSolution
		Debug|Any CPU = Debug|Any CPU
		Release|Any CPU = Release|Any CPU
	EndGlobalSection
	GlobalSection(ProjectConfigurationPlatforms) = postSolution
		{5C5CB159-65D5-4827-A861-CC2A10F06BF1}.Debug|Any CPU.ActiveCfg = Debug|Any CPU
		{5C5CB159-65D5-4827-A861-CC2A10F06BF1}.Debug|Any CPU.Build.0 = Debug|Any CPU
		{5C5CB159-65D5-4827-A861-CC2A10F06BF1}.Release|Any CPU.ActiveCfg = Release|Any CPU
		{5C5CB159-65D5-4827-A861-CC2A10F06BF1}.Release|Any CPU.Build.0 = Release|Any CPU
	EndGlobalSection
	GlobalSection(SolutionProperties) = preSolution
		HideSolutionNode = FALSE
	EndGlobalSection
	GlobalSection(ExtensibilityGlobals) = postSolution
		SolutionGuid = {AD75F063-1DB8-4074-966E-295FF9F34806}
	EndGlobalSection
EndGlobal
